# THIS IS AN AUTOGENERATED FILE. DO NOT EDIT THIS FILE DIRECTLY.
# yarn lockfile v1


"@nuxtjs/google-analytics@^2.2.3":
  version "2.2.3"
  resolved "https://registry.yarnpkg.com/@nuxtjs/google-analytics/-/google-analytics-2.2.3.tgz#05496c5a33ce4dc4f9ef6838d432ed501a307778"
  dependencies:
    vue-analytics "^5.22.1"

vue-analytics@^5.22.1:
  version "5.22.1"
  resolved "https://registry.yarnpkg.com/vue-analytics/-/vue-analytics-5.22.1.tgz#9d6b32da56daee1b9dfb23a267b50349a03f710f"
